
Microsoft Visual Studio Solution File, Format Version 12.00
# Visual Studio 15
VisualStudioVersion = 15.0.28307.705
MinimumVisualStudioVersion = 10.0.40219.1
Project("{9A19103F-16F7-4668-BE54-9A1E7A4F7556}") = "FGPay", "FGPay\FGPay.csproj", "{657DAD26-FEDB-464E-AFB6-9D4AC60ADA2D}"
EndProject
Project("{2150E333-8FDC-42A3-9474-1A3956D46DE8}") = "Comm-Infrastructure", "Comm-Infrastructure", "{87984DFF-B4C7-465B-8135-F403DCDFC353}"
EndProject
Project("{2150E333-8FDC-42A3-9474-1A3956D46DE8}") = "DomainService", "DomainService", "{6DB82855-ECB6-4E19-82E9-3359C6150AA2}"
EndProject
Project("{2150E333-8FDC-42A3-9474-1A3956D46DE8}") = "WebApplication", "WebApplication", "{D5B1D738-8C45-4A9C-9F96-7DBB814CD525}"
EndProject
Project("{FAE04EC0-301F-11D3-BF4B-00C04F79EFBC}") = "FGPay.Web", "FGPay.Web\FGPay.Web.csproj", "{98E9F316-3B6C-40E4-8B0A-5A8199585C15}"
EndProject
Project("{FAE04EC0-301F-11D3-BF4B-00C04F79EFBC}") = "FGPay.Code", "FGPay.Code\FGPay.Code.csproj", "{4F6F4D13-0794-4D17-AB76-E56951C62626}"
EndProject
Global
	GlobalSection(SolutionConfigurationPlatforms) = preSolution
		Debug|Any CPU = Debug|Any CPU
		Release|Any CPU = Release|Any CPU
	EndGlobalSection
	GlobalSection(ProjectConfigurationPlatforms) = postSolution
		{657DAD26-FEDB-464E-AFB6-9D4AC60ADA2D}.Debug|Any CPU.ActiveCfg = Debug|Any CPU
		{657DAD26-FEDB-464E-AFB6-9D4AC60ADA2D}.Debug|Any CPU.Build.0 = Debug|Any CPU
		{657DAD26-FEDB-464E-AFB6-9D4AC60ADA2D}.Release|Any CPU.ActiveCfg = Release|Any CPU
		{657DAD26-FEDB-464E-AFB6-9D4AC60ADA2D}.Release|Any CPU.Build.0 = Release|Any CPU
		{98E9F316-3B6C-40E4-8B0A-5A8199585C15}.Debug|Any CPU.ActiveCfg = Debug|Any CPU
		{98E9F316-3B6C-40E4-8B0A-5A8199585C15}.Debug|Any CPU.Build.0 = Debug|Any CPU
		{98E9F316-3B6C-40E4-8B0A-5A8199585C15}.Release|Any CPU.ActiveCfg = Release|Any CPU
		{98E9F316-3B6C-40E4-8B0A-5A8199585C15}.Release|Any CPU.Build.0 = Release|Any CPU
		{4F6F4D13-0794-4D17-AB76-E56951C62626}.Debug|Any CPU.ActiveCfg = Debug|Any CPU
		{4F6F4D13-0794-4D17-AB76-E56951C62626}.Debug|Any CPU.Build.0 = Debug|Any CPU
		{4F6F4D13-0794-4D17-AB76-E56951C62626}.Release|Any CPU.ActiveCfg = Release|Any CPU
		{4F6F4D13-0794-4D17-AB76-E56951C62626}.Release|Any CPU.Build.0 = Release|Any CPU
	EndGlobalSection
	GlobalSection(SolutionProperties) = preSolution
		HideSolutionNode = FALSE
	EndGlobalSection
	GlobalSection(NestedProjects) = preSolution
		{98E9F316-3B6C-40E4-8B0A-5A8199585C15} = {D5B1D738-8C45-4A9C-9F96-7DBB814CD525}
		{4F6F4D13-0794-4D17-AB76-E56951C62626} = {87984DFF-B4C7-465B-8135-F403DCDFC353}
	EndGlobalSection
	GlobalSection(ExtensibilityGlobals) = postSolution
		SolutionGuid = {38321A2D-0AB8-40FD-94FD-8DF9152B3617}
	EndGlobalSection
EndGlobal
