
Microsoft Visual Studio Solution File, Format Version 12.00
# Visual Studio 15
VisualStudioVersion = 15.0.28307.705
MinimumVisualStudioVersion = 10.0.40219.1
Project("{2150E333-8FDC-42A3-9474-1A3956D46DE8}") = "Comm-Infrastructure", "Comm-Infrastructure", "{87984DFF-B4C7-465B-8135-F403DCDFC353}"
EndProject
Project("{2150E333-8FDC-42A3-9474-1A3956D46DE8}") = "DomainService", "DomainService", "{6DB82855-ECB6-4E19-82E9-3359C6150AA2}"
EndProject
Project("{2150E333-8FDC-42A3-9474-1A3956D46DE8}") = "WebApplication", "WebApplication", "{D5B1D738-8C45-4A9C-9F96-7DBB814CD525}"
EndProject
Project("{9A19103F-16F7-4668-BE54-9A1E7A4F7556}") = "FGPay.Web", "FGPay.Web\FGPay.Web.csproj", "{98E9F316-3B6C-40E4-8B0A-5A8199585C15}"
EndProject
Project("{9A19103F-16F7-4668-BE54-9A1E7A4F7556}") = "FGPay.Code", "FGPay.Code\FGPay.Code.csproj", "{4F6F4D13-0794-4D17-AB76-E56951C62626}"
EndProject
Project("{9A19103F-16F7-4668-BE54-9A1E7A4F7556}") = "FGPay.Manager", "FGPay.Manager\FGPay.Manager.csproj", "{2AD05F73-5296-493B-B0FF-513E7D198255}"
EndProject
Project("{9A19103F-16F7-4668-BE54-9A1E7A4F7556}") = "FGPay.Domain", "FGPay.Domain\FGPay.Domain.csproj", "{4D626990-4EE2-4940-B9B4-41DA2960EA80}"
EndProject
Project("{2150E333-8FDC-42A3-9474-1A3956D46DE8}") = "UnitTest", "UnitTest", "{E4EC1D94-0A9D-4717-AC7B-7239D8E8AD28}"
EndProject
Project("{9A19103F-16F7-4668-BE54-9A1E7A4F7556}") = "UnitTest4Code", "UnitTest4Code\UnitTest4Code.csproj", "{C72E5CCA-5BC4-4651-8E49-3593778C851B}"
EndProject
Project("{FAE04EC0-301F-11D3-BF4B-00C04F79EFBC}") = "FGPay.DAL", "FGPay.DAL\FGPay.DAL.csproj", "{19EF0703-E463-4E08-AC99-D4D4285841E5}"
EndProject
Global
	GlobalSection(SolutionConfigurationPlatforms) = preSolution
		Debug|Any CPU = Debug|Any CPU
		Release|Any CPU = Release|Any CPU
	EndGlobalSection
	GlobalSection(ProjectConfigurationPlatforms) = postSolution
		{98E9F316-3B6C-40E4-8B0A-5A8199585C15}.Debug|Any CPU.ActiveCfg = Debug|Any CPU
		{98E9F316-3B6C-40E4-8B0A-5A8199585C15}.Debug|Any CPU.Build.0 = Debug|Any CPU
		{98E9F316-3B6C-40E4-8B0A-5A8199585C15}.Release|Any CPU.ActiveCfg = Release|Any CPU
		{98E9F316-3B6C-40E4-8B0A-5A8199585C15}.Release|Any CPU.Build.0 = Release|Any CPU
		{4F6F4D13-0794-4D17-AB76-E56951C62626}.Debug|Any CPU.ActiveCfg = Debug|Any CPU
		{4F6F4D13-0794-4D17-AB76-E56951C62626}.Debug|Any CPU.Build.0 = Debug|Any CPU
		{4F6F4D13-0794-4D17-AB76-E56951C62626}.Release|Any CPU.ActiveCfg = Release|Any CPU
		{4F6F4D13-0794-4D17-AB76-E56951C62626}.Release|Any CPU.Build.0 = Release|Any CPU
		{2AD05F73-5296-493B-B0FF-513E7D198255}.Debug|Any CPU.ActiveCfg = Debug|Any CPU
		{2AD05F73-5296-493B-B0FF-513E7D198255}.Debug|Any CPU.Build.0 = Debug|Any CPU
		{2AD05F73-5296-493B-B0FF-513E7D198255}.Release|Any CPU.ActiveCfg = Release|Any CPU
		{2AD05F73-5296-493B-B0FF-513E7D198255}.Release|Any CPU.Build.0 = Release|Any CPU
		{4D626990-4EE2-4940-B9B4-41DA2960EA80}.Debug|Any CPU.ActiveCfg = Debug|Any CPU
		{4D626990-4EE2-4940-B9B4-41DA2960EA80}.Debug|Any CPU.Build.0 = Debug|Any CPU
		{4D626990-4EE2-4940-B9B4-41DA2960EA80}.Release|Any CPU.ActiveCfg = Release|Any CPU
		{4D626990-4EE2-4940-B9B4-41DA2960EA80}.Release|Any CPU.Build.0 = Release|Any CPU
		{C72E5CCA-5BC4-4651-8E49-3593778C851B}.Debug|Any CPU.ActiveCfg = Debug|Any CPU
		{C72E5CCA-5BC4-4651-8E49-3593778C851B}.Debug|Any CPU.Build.0 = Debug|Any CPU
		{C72E5CCA-5BC4-4651-8E49-3593778C851B}.Release|Any CPU.ActiveCfg = Release|Any CPU
		{C72E5CCA-5BC4-4651-8E49-3593778C851B}.Release|Any CPU.Build.0 = Release|Any CPU
		{19EF0703-E463-4E08-AC99-D4D4285841E5}.Debug|Any CPU.ActiveCfg = Debug|Any CPU
		{19EF0703-E463-4E08-AC99-D4D4285841E5}.Debug|Any CPU.Build.0 = Debug|Any CPU
		{19EF0703-E463-4E08-AC99-D4D4285841E5}.Release|Any CPU.ActiveCfg = Release|Any CPU
		{19EF0703-E463-4E08-AC99-D4D4285841E5}.Release|Any CPU.Build.0 = Release|Any CPU
	EndGlobalSection
	GlobalSection(SolutionProperties) = preSolution
		HideSolutionNode = FALSE
	EndGlobalSection
	GlobalSection(NestedProjects) = preSolution
		{98E9F316-3B6C-40E4-8B0A-5A8199585C15} = {D5B1D738-8C45-4A9C-9F96-7DBB814CD525}
		{4F6F4D13-0794-4D17-AB76-E56951C62626} = {87984DFF-B4C7-465B-8135-F403DCDFC353}
		{2AD05F73-5296-493B-B0FF-513E7D198255} = {D5B1D738-8C45-4A9C-9F96-7DBB814CD525}
		{4D626990-4EE2-4940-B9B4-41DA2960EA80} = {6DB82855-ECB6-4E19-82E9-3359C6150AA2}
		{C72E5CCA-5BC4-4651-8E49-3593778C851B} = {E4EC1D94-0A9D-4717-AC7B-7239D8E8AD28}
		{19EF0703-E463-4E08-AC99-D4D4285841E5} = {6DB82855-ECB6-4E19-82E9-3359C6150AA2}
	EndGlobalSection
	GlobalSection(ExtensibilityGlobals) = postSolution
		SolutionGuid = {38321A2D-0AB8-40FD-94FD-8DF9152B3617}
	EndGlobalSection
EndGlobal
